{
  "name": "ITSS-Group15-2025.2",
  "lockfileVersion": 3,
  "requires": true,
  "packages": {
    "": {
      "dependencies": {
        "@tanstack/query-core": "^5.100.7"
      }
    },
    "node_modules/@tanstack/query-core": {
      "version": "5.100.7",
      "resolved": "https://registry.npmjs.org/@tanstack/query-core/-/query-core-5.100.7.tgz",
      "integrity": "sha512-5R7i6ENJLhVeeJrrUz7jKBXUXv/BJrxf9FQJSkR13bPrb3zOcE8A0Z0PxYCcsKPOsiIlTibrBL/zZbtUO1TFyQ==",
      "license": "MIT",
      "funding": {
        "type": "github",
        "url": "https://github.com/sponsors/tannerlinsley"
      }
    }
  }
}
